// !$*UTF8*$!
{
	archiveVersion = 1;
	classes = {
	};
	objectVersion = 39;
	objects = {
		01C262F22B2FF47200B4FF8D = {
			children = (
				01C262F52B2FF49000B4FF8D,
				01C262F62B2FF49000B4FF8D,
				01C262F72B2FF49000B4FF8D,
				01C262F82B2FF49000B4FF8D,
				01C262F92B2FF49000B4FF8D,
				01C262FA2B2FF49000B4FF8D,
				01C262FB2B2FF49000B4FF8D,
				01C262FC2B2FF49000B4FF8D,
				01C262FD2B2FF49000B4FF8D,
				01C262FE2B2FF49000B4FF8D,
				01C262FF2B2FF49000B4FF8D,
				01C263002B2FF49000B4FF8D,
				01C263012B2FF49000B4FF8D,
			);
			isa = PBXGroup;
			name = nlib;
			refType = 4;
			sourceTree = "<group>";
		};
		01C262F52B2FF49000B4FF8D = {
			fileEncoding = 30;
			isa = PBXFileReference;
			lastKnownFileType = sourcecode.c.h;
			name = nlib.h;
			path = ../../more_src/nlib/nlib.h;
			refType = 2;
			sourceTree = SOURCE_ROOT;
		};
		01C262F62B2FF49000B4FF8D = {
			fileEncoding = 30;
			isa = PBXFileReference;
			lastKnownFileType = sourcecode.c.c;
			name = nlib1ini.c;
			path = ../../more_src/nlib/nlib1ini.c;
			refType = 2;
			sourceTree = SOURCE_ROOT;
		};
		01C262F72B2FF49000B4FF8D = {
			fileEncoding = 30;
			isa = PBXFileReference;
			lastKnownFileType = sourcecode.c.c;
			name = nlib2dec.c;
			path = ../../more_src/nlib/nlib2dec.c;
			refType = 2;
			sourceTree = SOURCE_ROOT;
		};
		01C262F82B2FF49000B4FF8D = {
			fileEncoding = 30;
			isa = PBXFileReference;
			lastKnownFileType = sourcecode.c.c;
			name = nlib3etx.c;
			path = ../../more_src/nlib/nlib3etx.c;
			refType = 2;
			sourceTree = SOURCE_ROOT;
		};
		01C262F92B2FF49000B4FF8D = {
			fileEncoding = 30;
			isa = PBXFileReference;
			lastKnownFileType = sourcecode.c.c;
			name = nlib4mic.c;
			path = ../../more_src/nlib/nlib4mic.c;
			refType = 2;
			sourceTree = SOURCE_ROOT;
		};
		01C262FA2B2FF49000B4FF8D = {
			fileEncoding = 30;
			isa = PBXFileReference;
			lastKnownFileType = sourcecode.c.c;
			name = nlib5drw.c;
			path = ../../more_src/nlib/nlib5drw.c;
			refType = 2;
			sourceTree = SOURCE_ROOT;
		};
		01C262FB2B2FF49000B4FF8D = {
			fileEncoding = 30;
			isa = PBXFileReference;
			lastKnownFileType = sourcecode.c.c;
			name = nlib6img.c;
			path = ../../more_src/nlib/nlib6img.c;
			refType = 2;
			sourceTree = SOURCE_ROOT;
		};
		01C262FC2B2FF49000B4FF8D = {
			fileEncoding = 30;
			isa = PBXFileReference;
			lastKnownFileType = sourcecode.c.c;
			name = nlib7dmp.c;
			path = ../../more_src/nlib/nlib7dmp.c;
			refType = 2;
			sourceTree = SOURCE_ROOT;
		};
		01C262FD2B2FF49000B4FF8D = {
			fileEncoding = 30;
			isa = PBXFileReference;
			lastKnownFileType = sourcecode.c.c;
			name = nlib8snd.c;
			path = ../../more_src/nlib/nlib8snd.c;
			refType = 2;
			sourceTree = SOURCE_ROOT;
		};
		01C262FE2B2FF49000B4FF8D = {
			fileEncoding = 30;
			isa = PBXFileReference;
			lastKnownFileType = sourcecode.c.c;
			name = nlib9net.c;
			path = ../../more_src/nlib/nlib9net.c;
			refType = 2;
			sourceTree = SOURCE_ROOT;
		};
		01C262FF2B2FF49000B4FF8D = {
			fileEncoding = 30;
			isa = PBXFileReference;
			lastKnownFileType = sourcecode.c.c;
			name = nlibdbug.c;
			path = ../../more_src/nlib/nlibdbug.c;
			refType = 2;
			sourceTree = SOURCE_ROOT;
		};
		01C263002B2FF49000B4FF8D = {
			fileEncoding = 30;
			isa = PBXFileReference;
			lastKnownFileType = sourcecode.c.h;
			name = nlibdbug.h;
			path = ../../more_src/nlib/nlibdbug.h;
			refType = 2;
			sourceTree = SOURCE_ROOT;
		};
		01C263012B2FF49000B4FF8D = {
			fileEncoding = 30;
			isa = PBXFileReference;
			lastKnownFileType = sourcecode.c.h;
			name = nsys.h;
			path = ../../more_src/nlib/nsys.h;
			refType = 2;
			sourceTree = SOURCE_ROOT;
		};
		01C263022B2FF49000B4FF8D = {
			fileRef = 01C262F62B2FF49000B4FF8D;
			isa = PBXBuildFile;
			settings = {
			};
		};
		01C263032B2FF49000B4FF8D = {
			fileRef = 01C262F72B2FF49000B4FF8D;
			isa = PBXBuildFile;
			settings = {
			};
		};
		01C263042B2FF49000B4FF8D = {
			fileRef = 01C262F82B2FF49000B4FF8D;
			isa = PBXBuildFile;
			settings = {
			};
		};
		01C263052B2FF49000B4FF8D = {
			fileRef = 01C262F92B2FF49000B4FF8D;
			isa = PBXBuildFile;
			settings = {
			};
		};
		01C263062B2FF49000B4FF8D = {
			fileRef = 01C262FA2B2FF49000B4FF8D;
			isa = PBXBuildFile;
			settings = {
			};
		};
		01C263072B2FF49000B4FF8D = {
			fileRef = 01C262FB2B2FF49000B4FF8D;
			isa = PBXBuildFile;
			settings = {
			};
		};
		01C263082B2FF49000B4FF8D = {
			fileRef = 01C262FC2B2FF49000B4FF8D;
			isa = PBXBuildFile;
			settings = {
			};
		};
		01C263092B2FF49000B4FF8D = {
			fileRef = 01C262FD2B2FF49000B4FF8D;
			isa = PBXBuildFile;
			settings = {
			};
		};
		01C2630A2B2FF49000B4FF8D = {
			fileRef = 01C262FE2B2FF49000B4FF8D;
			isa = PBXBuildFile;
			settings = {
			};
		};
		01C2630B2B2FF49000B4FF8D = {
			fileRef = 01C262FF2B2FF49000B4FF8D;
			isa = PBXBuildFile;
			settings = {
			};
		};
		01C2630C2B2FF4A100B4FF8D = {
			children = (
				01C263112B2FF4CB00B4FF8D,
				01C263132B2FF4D300B4FF8D,
			);
			isa = PBXGroup;
			name = mysdl;
			path = "";
			refType = 4;
			sourceTree = "<group>";
		};
		01C263112B2FF4CB00B4FF8D = {
			fileEncoding = 30;
			isa = PBXFileReference;
			lastKnownFileType = sourcecode.cpp.cpp;
			name = mysdl.cpp;
			path = ../../more_src/mysdl/mysdl.cpp;
			refType = 2;
			sourceTree = SOURCE_ROOT;
		};
		01C263122B2FF4CB00B4FF8D = {
			fileRef = 01C263112B2FF4CB00B4FF8D;
			isa = PBXBuildFile;
			settings = {
			};
		};
		01C263132B2FF4D300B4FF8D = {
			children = (
				01C263142B2FF4D300B4FF8D,
				01C263152B2FF4D300B4FF8D,
				01C263172B2FF4D300B4FF8D,
				01C263182B2FF4D300B4FF8D,
				01C263192B2FF4D300B4FF8D,
				01C2631A2B2FF4D300B4FF8D,
				01C2631B2B2FF4D300B4FF8D,
				01C2631C2B2FF4D300B4FF8D,
				01C2631D2B2FF4D300B4FF8D,
				01C2631E2B2FF4D300B4FF8D,
				01C2631F2B2FF4D300B4FF8D,
				01C263202B2FF4D300B4FF8D,
				01C263212B2FF4D300B4FF8D,
				01C263222B2FF4D300B4FF8D,
				01C263232B2FF4D300B4FF8D,
				01C263242B2FF4D300B4FF8D,
				01C263252B2FF4D300B4FF8D,
				01C263262B2FF4D300B4FF8D,
				01C263272B2FF4D300B4FF8D,
				01C263282B2FF4D300B4FF8D,
				01C263292B2FF4D300B4FF8D,
				01C2632A2B2FF4D300B4FF8D,
				01C2632B2B2FF4D300B4FF8D,
				01C2632C2B2FF4D300B4FF8D,
				01C2632D2B2FF4D300B4FF8D,
				01C2632E2B2FF4D300B4FF8D,
				01C2632F2B2FF4D300B4FF8D,
				01C263302B2FF4D300B4FF8D,
				01C263312B2FF4D300B4FF8D,
				01C263322B2FF4D300B4FF8D,
				01C263332B2FF4D300B4FF8D,
				01C263342B2FF4D300B4FF8D,
				01C263352B2FF4D300B4FF8D,
				01C263362B2FF4D300B4FF8D,
				01C263372B2FF4D300B4FF8D,
				01C263382B2FF4D300B4FF8D,
				01C263392B2FF4D300B4FF8D,
				01C2633A2B2FF4D300B4FF8D,
				01C2633B2B2FF4D300B4FF8D,
				01C2633C2B2FF4D300B4FF8D,
				01C2633D2B2FF4D300B4FF8D,
				01C2633E2B2FF4D300B4FF8D,
				01C2633F2B2FF4D300B4FF8D,
				01C263402B2FF4D300B4FF8D,
				01C263412B2FF4D300B4FF8D,
				01C263422B2FF4D300B4FF8D,
				01C263432B2FF4D300B4FF8D,
				01C263442B2FF4D300B4FF8D,
				01C263452B2FF4D300B4FF8D,
				01C263462B2FF4D300B4FF8D,
				01C263472B2FF4D300B4FF8D,
				01C263482B2FF4D300B4FF8D,
				01C263492B2FF4D300B4FF8D,
				01C2634A2B2FF4D300B4FF8D,
				01C2634B2B2FF4D300B4FF8D,
				01C2634C2B2FF4D300B4FF8D,
				01C2634D2B2FF4D300B4FF8D,
				01C2634E2B2FF4D300B4FF8D,
				01C2634F2B2FF4D300B4FF8D,
				01C263502B2FF4D300B4FF8D,
				01C263512B2FF4D300B4FF8D,
				01C263522B2FF4D300B4FF8D,
				01C263532B2FF4D300B4FF8D,
				01C263542B2FF4D300B4FF8D,
				01C263552B2FF4D300B4FF8D,
				01C263562B2FF4D300B4FF8D,
				01C263572B2FF4D300B4FF8D,
				01C263582B2FF4D300B4FF8D,
				01C263592B2FF4D300B4FF8D,
				01C2635A2B2FF4D300B4FF8D,
				01C2635B2B2FF4D300B4FF8D,
				01C2635C2B2FF4D300B4FF8D,
				01C2635D2B2FF4D300B4FF8D,
				01C2635E2B2FF4D300B4FF8D,
				01C2635F2B2FF4D300B4FF8D,
				01C263602B2FF4D300B4FF8D,
				01C263612B2FF4D300B4FF8D,
				01C263622B2FF4D300B4FF8D,
				01C263632B2FF4D300B4FF8D,
			);
			isa = PBXGroup;
			name = SDL2;
			path = ../../more_src/mysdl/SDL2;
			refType = 2;
			sourceTree = SOURCE_ROOT;
		};
		01C263142B2FF4D300B4FF8D = {
			fileEncoding = 30;
			isa = PBXFileReference;
			lastKnownFileType = sourcecode.c.h;
			path = begin_code.h;
			refType = 4;
			sourceTree = "<group>";
		};
		01C263152B2FF4D300B4FF8D = {
			fileEncoding = 30;
			isa = PBXFileReference;
			lastKnownFileType = sourcecode.c.h;
			path = close_code.h;
			refType = 4;
			sourceTree = "<group>";
		};
		01C263172B2FF4D300B4FF8D = {
			fileEncoding = 30;
			isa = PBXFileReference;
			lastKnownFileType = sourcecode.c.h;
			path = SDL.h;
			refType = 4;
			sourceTree = "<group>";
		};
		01C263182B2FF4D300B4FF8D = {
			fileEncoding = 30;
			isa = PBXFileReference;
			lastKnownFileType = sourcecode.c.h;
			path = SDL_assert.h;
			refType = 4;
			sourceTree = "<group>";
		};
		01C263192B2FF4D300B4FF8D = {
			fileEncoding = 30;
			isa = PBXFileReference;
			lastKnownFileType = sourcecode.c.h;
			path = SDL_atomic.h;
			refType = 4;
			sourceTree = "<group>";
		};
		01C2631A2B2FF4D300B4FF8D = {
			fileEncoding = 30;
			isa = PBXFileReference;
			lastKnownFileType = sourcecode.c.h;
			path = SDL_audio.h;
			refType = 4;
			sourceTree = "<group>";
		};
		01C2631B2B2FF4D300B4FF8D = {
			fileEncoding = 30;
			isa = PBXFileReference;
			lastKnownFileType = sourcecode.c.h;
			path = SDL_bits.h;
			refType = 4;
			sourceTree = "<group>";
		};
		01C2631C2B2FF4D300B4FF8D = {
			fileEncoding = 30;
			isa = PBXFileReference;
			lastKnownFileType = sourcecode.c.h;
			path = SDL_blendmode.h;
			refType = 4;
			sourceTree = "<group>";
		};
		01C2631D2B2FF4D300B4FF8D = {
			fileEncoding = 30;
			isa = PBXFileReference;
			lastKnownFileType = sourcecode.c.h;
			path = SDL_clipboard.h;
			refType = 4;
			sourceTree = "<group>";
		};
		01C2631E2B2FF4D300B4FF8D = {
			fileEncoding = 30;
			isa = PBXFileReference;
			lastKnownFileType = sourcecode.c.h;
			path = SDL_config.h;
			refType = 4;
			sourceTree = "<group>";
		};
		01C2631F2B2FF4D300B4FF8D = {
			fileEncoding = 30;
			isa = PBXFileReference;
			lastKnownFileType = sourcecode.c.h;
			path = SDL_cpuinfo.h;
			refType = 4;
			sourceTree = "<group>";
		};
		01C263202B2FF4D300B4FF8D = {
			fileEncoding = 30;
			isa = PBXFileReference;
			lastKnownFileType = sourcecode.c.h;
			path = SDL_egl.h;
			refType = 4;
			sourceTree = "<group>";
		};
		01C263212B2FF4D300B4FF8D = {
			fileEncoding = 30;
			isa = PBXFileReference;
			lastKnownFileType = sourcecode.c.h;
			path = SDL_endian.h;
			refType = 4;
			sourceTree = "<group>";
		};
		01C263222B2FF4D300B4FF8D = {
			fileEncoding = 30;
			isa = PBXFileReference;
			lastKnownFileType = sourcecode.c.h;
			path = SDL_error.h;
			refType = 4;
			sourceTree = "<group>";
		};
		01C263232B2FF4D300B4FF8D = {
			fileEncoding = 30;
			isa = PBXFileReference;
			lastKnownFileType = sourcecode.c.h;
			path = SDL_events.h;
			refType = 4;
			sourceTree = "<group>";
		};
		01C263242B2FF4D300B4FF8D = {
			fileEncoding = 30;
			isa = PBXFileReference;
			lastKnownFileType = sourcecode.c.h;
			path = SDL_filesystem.h;
			refType = 4;
			sourceTree = "<group>";
		};
		01C263252B2FF4D300B4FF8D = {
			fileEncoding = 30;
			isa = PBXFileReference;
			lastKnownFileType = sourcecode.c.h;
			path = SDL_gamecontroller.h;
			refType = 4;
			sourceTree = "<group>";
		};
		01C263262B2FF4D300B4FF8D = {
			fileEncoding = 30;
			isa = PBXFileReference;
			lastKnownFileType = sourcecode.c.h;
			path = SDL_gesture.h;
			refType = 4;
			sourceTree = "<group>";
		};
		01C263272B2FF4D300B4FF8D = {
			fileEncoding = 30;
			isa = PBXFileReference;
			lastKnownFileType = sourcecode.c.h;
			path = SDL_guid.h;
			refType = 4;
			sourceTree = "<group>";
		};
		01C263282B2FF4D300B4FF8D = {
			fileEncoding = 30;
			isa = PBXFileReference;
			lastKnownFileType = sourcecode.c.h;
			path = SDL_haptic.h;
			refType = 4;
			sourceTree = "<group>";
		};
		01C263292B2FF4D300B4FF8D = {
			fileEncoding = 30;
			isa = PBXFileReference;
			lastKnownFileType = sourcecode.c.h;
			path = SDL_hidapi.h;
			refType = 4;
			sourceTree = "<group>";
		};
		01C2632A2B2FF4D300B4FF8D = {
			fileEncoding = 30;
			isa = PBXFileReference;
			lastKnownFileType = sourcecode.c.h;
			path = SDL_hints.h;
			refType = 4;
			sourceTree = "<group>";
		};
		01C2632B2B2FF4D300B4FF8D = {
			fileEncoding = 30;
			isa = PBXFileReference;
			lastKnownFileType = sourcecode.c.h;
			path = SDL_image.h;
			refType = 4;
			sourceTree = "<group>";
		};
		01C2632C2B2FF4D300B4FF8D = {
			fileEncoding = 30;
			isa = PBXFileReference;
			lastKnownFileType = sourcecode.c.h;
			path = SDL_joystick.h;
			refType = 4;
			sourceTree = "<group>";
		};
		01C2632D2B2FF4D300B4FF8D = {
			fileEncoding = 30;
			isa = PBXFileReference;
			lastKnownFileType = sourcecode.c.h;
			path = SDL_keyboard.h;
			refType = 4;
			sourceTree = "<group>";
		};
		01C2632E2B2FF4D300B4FF8D = {
			fileEncoding = 30;
			isa = PBXFileReference;
			lastKnownFileType = sourcecode.c.h;
			path = SDL_keycode.h;
			refType = 4;
			sourceTree = "<group>";
		};
		01C2632F2B2FF4D300B4FF8D = {
			fileEncoding = 30;
			isa = PBXFileReference;
			lastKnownFileType = sourcecode.c.h;
			path = SDL_loadso.h;
			refType = 4;
			sourceTree = "<group>";
		};
		01C263302B2FF4D300B4FF8D = {
			fileEncoding = 30;
			isa = PBXFileReference;
			lastKnownFileType = sourcecode.c.h;
			path = SDL_locale.h;
			refType = 4;
			sourceTree = "<group>";
		};
		01C263312B2FF4D300B4FF8D = {
			fileEncoding = 30;
			isa = PBXFileReference;
			lastKnownFileType = sourcecode.c.h;
			path = SDL_log.h;
			refType = 4;
			sourceTree = "<group>";
		};
		01C263322B2FF4D300B4FF8D = {
			fileEncoding = 30;
			isa = PBXFileReference;
			lastKnownFileType = sourcecode.c.h;
			path = SDL_main.h;
			refType = 4;
			sourceTree = "<group>";
		};
		01C263332B2FF4D300B4FF8D = {
			fileEncoding = 30;
			isa = PBXFileReference;
			lastKnownFileType = sourcecode.c.h;
			path = SDL_messagebox.h;
			refType = 4;
			sourceTree = "<group>";
		};
		01C263342B2FF4D300B4FF8D = {
			fileEncoding = 30;
			isa = PBXFileReference;
			lastKnownFileType = sourcecode.c.h;
			path = SDL_metal.h;
			refType = 4;
			sourceTree = "<group>";
		};
		01C263352B2FF4D300B4FF8D = {
			fileEncoding = 30;
			isa = PBXFileReference;
			lastKnownFileType = sourcecode.c.h;
			path = SDL_misc.h;
			refType = 4;
			sourceTree = "<group>";
		};
		01C263362B2FF4D300B4FF8D = {
			fileEncoding = 30;
			isa = PBXFileReference;
			lastKnownFileType = sourcecode.c.h;
			path = SDL_mouse.h;
			refType = 4;
			sourceTree = "<group>";
		};
		01C263372B2FF4D300B4FF8D = {
			fileEncoding = 30;
			isa = PBXFileReference;
			lastKnownFileType = sourcecode.c.h;
			path = SDL_mutex.h;
			refType = 4;
			sourceTree = "<group>";
		};
		01C263382B2FF4D300B4FF8D = {
			fileEncoding = 30;
			isa = PBXFileReference;
			lastKnownFileType = sourcecode.c.h;
			path = SDL_name.h;
			refType = 4;
			sourceTree = "<group>";
		};
		01C263392B2FF4D300B4FF8D = {
			fileEncoding = 30;
			isa = PBXFileReference;
			lastKnownFileType = sourcecode.c.h;
			path = SDL_opengl.h;
			refType = 4;
			sourceTree = "<group>";
		};
		01C2633A2B2FF4D300B4FF8D = {
			fileEncoding = 30;
			isa = PBXFileReference;
			lastKnownFileType = sourcecode.c.h;
			path = SDL_opengl_glext.h;
			refType = 4;
			sourceTree = "<group>";
		};
		01C2633B2B2FF4D300B4FF8D = {
			fileEncoding = 30;
			isa = PBXFileReference;
			lastKnownFileType = sourcecode.c.h;
			path = SDL_opengles.h;
			refType = 4;
			sourceTree = "<group>";
		};
		01C2633C2B2FF4D300B4FF8D = {
			fileEncoding = 30;
			isa = PBXFileReference;
			lastKnownFileType = sourcecode.c.h;
			path = SDL_opengles2.h;
			refType = 4;
			sourceTree = "<group>";
		};
		01C2633D2B2FF4D300B4FF8D = {
			fileEncoding = 30;
			isa = PBXFileReference;
			lastKnownFileType = sourcecode.c.h;
			path = SDL_opengles2_gl2.h;
			refType = 4;
			sourceTree = "<group>";
		};
		01C2633E2B2FF4D300B4FF8D = {
			fileEncoding = 30;
			isa = PBXFileReference;
			lastKnownFileType = sourcecode.c.h;
			path = SDL_opengles2_gl2ext.h;
			refType = 4;
			sourceTree = "<group>";
		};
		01C2633F2B2FF4D300B4FF8D = {
			fileEncoding = 30;
			isa = PBXFileReference;
			lastKnownFileType = sourcecode.c.h;
			path = SDL_opengles2_gl2platform.h;
			refType = 4;
			sourceTree = "<group>";
		};
		01C263402B2FF4D300B4FF8D = {
			fileEncoding = 30;
			isa = PBXFileReference;
			lastKnownFileType = sourcecode.c.h;
			path = SDL_opengles2_khrplatform.h;
			refType = 4;
			sourceTree = "<group>";
		};
		01C263412B2FF4D300B4FF8D = {
			fileEncoding = 30;
			isa = PBXFileReference;
			lastKnownFileType = sourcecode.c.h;
			path = SDL_pixels.h;
			refType = 4;
			sourceTree = "<group>";
		};
		01C263422B2FF4D300B4FF8D = {
			fileEncoding = 30;
			isa = PBXFileReference;
			lastKnownFileType = sourcecode.c.h;
			path = SDL_platform.h;
			refType = 4;
			sourceTree = "<group>";
		};
		01C263432B2FF4D300B4FF8D = {
			fileEncoding = 30;
			isa = PBXFileReference;
			lastKnownFileType = sourcecode.c.h;
			path = SDL_power.h;
			refType = 4;
			sourceTree = "<group>";
		};
		01C263442B2FF4D300B4FF8D = {
			fileEncoding = 30;
			isa = PBXFileReference;
			lastKnownFileType = sourcecode.c.h;
			path = SDL_quit.h;
			refType = 4;
			sourceTree = "<group>";
		};
		01C263452B2FF4D300B4FF8D = {
			fileEncoding = 30;
			isa = PBXFileReference;
			lastKnownFileType = sourcecode.c.h;
			path = SDL_rect.h;
			refType = 4;
			sourceTree = "<group>";
		};
		01C263462B2FF4D300B4FF8D = {
			fileEncoding = 30;
			isa = PBXFileReference;
			lastKnownFileType = sourcecode.c.h;
			path = SDL_render.h;
			refType = 4;
			sourceTree = "<group>";
		};
		01C263472B2FF4D300B4FF8D = {
			fileEncoding = 30;
			isa = PBXFileReference;
			lastKnownFileType = sourcecode.c.h;
			path = SDL_revision.h;
			refType = 4;
			sourceTree = "<group>";
		};
		01C263482B2FF4D300B4FF8D = {
			fileEncoding = 30;
			isa = PBXFileReference;
			lastKnownFileType = sourcecode.c.h;
			path = SDL_rwops.h;
			refType = 4;
			sourceTree = "<group>";
		};
		01C263492B2FF4D300B4FF8D = {
			fileEncoding = 30;
			isa = PBXFileReference;
			lastKnownFileType = sourcecode.c.h;
			path = SDL_scancode.h;
			refType = 4;
			sourceTree = "<group>";
		};
		01C2634A2B2FF4D300B4FF8D = {
			fileEncoding = 30;
			isa = PBXFileReference;
			lastKnownFileType = sourcecode.c.h;
			path = SDL_sensor.h;
			refType = 4;
			sourceTree = "<group>";
		};
		01C2634B2B2FF4D300B4FF8D = {
			fileEncoding = 30;
			isa = PBXFileReference;
			lastKnownFileType = sourcecode.c.h;
			path = SDL_shape.h;
			refType = 4;
			sourceTree = "<group>";
		};
		01C2634C2B2FF4D300B4FF8D = {
			fileEncoding = 30;
			isa = PBXFileReference;
			lastKnownFileType = sourcecode.c.h;
			path = SDL_stdinc.h;
			refType = 4;
			sourceTree = "<group>";
		};
		01C2634D2B2FF4D300B4FF8D = {
			fileEncoding = 30;
			isa = PBXFileReference;
			lastKnownFileType = sourcecode.c.h;
			path = SDL_surface.h;
			refType = 4;
			sourceTree = "<group>";
		};
		01C2634E2B2FF4D300B4FF8D = {
			fileEncoding = 30;
			isa = PBXFileReference;
			lastKnownFileType = sourcecode.c.h;
			path = SDL_system.h;
			refType = 4;
			sourceTree = "<group>";
		};
		01C2634F2B2FF4D300B4FF8D = {
			fileEncoding = 30;
			isa = PBXFileReference;
			lastKnownFileType = sourcecode.c.h;
			path = SDL_syswm.h;
			refType = 4;
			sourceTree = "<group>";
		};
		01C263502B2FF4D300B4FF8D = {
			fileEncoding = 30;
			isa = PBXFileReference;
			lastKnownFileType = sourcecode.c.h;
			path = SDL_test.h;
			refType = 4;
			sourceTree = "<group>";
		};
		01C263512B2FF4D300B4FF8D = {
			fileEncoding = 30;
			isa = PBXFileReference;
			lastKnownFileType = sourcecode.c.h;
			path = SDL_test_assert.h;
			refType = 4;
			sourceTree = "<group>";
		};
		01C263522B2FF4D300B4FF8D = {
			fileEncoding = 30;
			isa = PBXFileReference;
			lastKnownFileType = sourcecode.c.h;
			path = SDL_test_common.h;
			refType = 4;
			sourceTree = "<group>";
		};
		01C263532B2FF4D300B4FF8D = {
			fileEncoding = 30;
			isa = PBXFileReference;
			lastKnownFileType = sourcecode.c.h;
			path = SDL_test_compare.h;
			refType = 4;
			sourceTree = "<group>";
		};
		01C263542B2FF4D300B4FF8D = {
			fileEncoding = 30;
			isa = PBXFileReference;
			lastKnownFileType = sourcecode.c.h;
			path = SDL_test_crc32.h;
			refType = 4;
			sourceTree = "<group>";
		};
		01C263552B2FF4D300B4FF8D = {
			fileEncoding = 30;
			isa = PBXFileReference;
			lastKnownFileType = sourcecode.c.h;
			path = SDL_test_font.h;
			refType = 4;
			sourceTree = "<group>";
		};
		01C263562B2FF4D300B4FF8D = {
			fileEncoding = 30;
			isa = PBXFileReference;
			lastKnownFileType = sourcecode.c.h;
			path = SDL_test_fuzzer.h;
			refType = 4;
			sourceTree = "<group>";
		};
		01C263572B2FF4D300B4FF8D = {
			fileEncoding = 30;
			isa = PBXFileReference;
			lastKnownFileType = sourcecode.c.h;
			path = SDL_test_harness.h;
			refType = 4;
			sourceTree = "<group>";
		};
		01C263582B2FF4D300B4FF8D = {
			fileEncoding = 30;
			isa = PBXFileReference;
			lastKnownFileType = sourcecode.c.h;
			path = SDL_test_images.h;
			refType = 4;
			sourceTree = "<group>";
		};
		01C263592B2FF4D300B4FF8D = {
			fileEncoding = 30;
			isa = PBXFileReference;
			lastKnownFileType = sourcecode.c.h;
			path = SDL_test_log.h;
			refType = 4;
			sourceTree = "<group>";
		};
		01C2635A2B2FF4D300B4FF8D = {
			fileEncoding = 30;
			isa = PBXFileReference;
			lastKnownFileType = sourcecode.c.h;
			path = SDL_test_md5.h;
			refType = 4;
			sourceTree = "<group>";
		};
		01C2635B2B2FF4D300B4FF8D = {
			fileEncoding = 30;
			isa = PBXFileReference;
			lastKnownFileType = sourcecode.c.h;
			path = SDL_test_memory.h;
			refType = 4;
			sourceTree = "<group>";
		};
		01C2635C2B2FF4D300B4FF8D = {
			fileEncoding = 30;
			isa = PBXFileReference;
			lastKnownFileType = sourcecode.c.h;
			path = SDL_test_random.h;
			refType = 4;
			sourceTree = "<group>";
		};
		01C2635D2B2FF4D300B4FF8D = {
			fileEncoding = 30;
			isa = PBXFileReference;
			lastKnownFileType = sourcecode.c.h;
			path = SDL_thread.h;
			refType = 4;
			sourceTree = "<group>";
		};
		01C2635E2B2FF4D300B4FF8D = {
			fileEncoding = 30;
			isa = PBXFileReference;
			lastKnownFileType = sourcecode.c.h;
			path = SDL_timer.h;
			refType = 4;
			sourceTree = "<group>";
		};
		01C2635F2B2FF4D300B4FF8D = {
			fileEncoding = 30;
			isa = PBXFileReference;
			lastKnownFileType = sourcecode.c.h;
			path = SDL_touch.h;
			refType = 4;
			sourceTree = "<group>";
		};
		01C263602B2FF4D300B4FF8D = {
			fileEncoding = 30;
			isa = PBXFileReference;
			lastKnownFileType = sourcecode.c.h;
			path = SDL_types.h;
			refType = 4;
			sourceTree = "<group>";
		};
		01C263612B2FF4D300B4FF8D = {
			fileEncoding = 30;
			isa = PBXFileReference;
			lastKnownFileType = sourcecode.c.h;
			path = SDL_version.h;
			refType = 4;
			sourceTree = "<group>";
		};
		01C263622B2FF4D300B4FF8D = {
			fileEncoding = 30;
			isa = PBXFileReference;
			lastKnownFileType = sourcecode.c.h;
			path = SDL_video.h;
			refType = 4;
			sourceTree = "<group>";
		};
		01C263632B2FF4D300B4FF8D = {
			fileEncoding = 30;
			isa = PBXFileReference;
			lastKnownFileType = sourcecode.c.h;
			path = SDL_vulkan.h;
			refType = 4;
			sourceTree = "<group>";
		};
		01C263652B2FF4EF00B4FF8D = {
			fileEncoding = 30;
			isa = PBXFileReference;
			lastKnownFileType = sourcecode.cpp.cpp;
			name = Palette.cpp;
			path = ../Palette.cpp;
			refType = 2;
			sourceTree = SOURCE_ROOT;
		};
		01C263662B2FF4EF00B4FF8D = {
			fileEncoding = 30;
			isa = PBXFileReference;
			lastKnownFileType = sourcecode.c.h;
			name = Palette.h;
			path = ../Palette.h;
			refType = 2;
			sourceTree = SOURCE_ROOT;
		};
		01C263672B2FF4EF00B4FF8D = {
			fileEncoding = 30;
			isa = PBXFileReference;
			lastKnownFileType = sourcecode.cpp.cpp;
			name = petrobots.cpp;
			path = ../petrobots.cpp;
			refType = 2;
			sourceTree = SOURCE_ROOT;
		};
		01C263682B2FF4EF00B4FF8D = {
			fileEncoding = 30;
			isa = PBXFileReference;
			lastKnownFileType = sourcecode.c.h;
			name = petrobots.h;
			path = ../petrobots.h;
			refType = 2;
			sourceTree = SOURCE_ROOT;
		};
		01C263692B2FF4EF00B4FF8D = {
			fileEncoding = 30;
			isa = PBXFileReference;
			lastKnownFileType = sourcecode.cpp.cpp;
			name = Platform.cpp;
			path = ../Platform.cpp;
			refType = 2;
			sourceTree = SOURCE_ROOT;
		};
		01C2636A2B2FF4EF00B4FF8D = {
			fileEncoding = 30;
			isa = PBXFileReference;
			lastKnownFileType = sourcecode.c.h;
			name = Platform.h;
			path = ../Platform.h;
			refType = 2;
			sourceTree = SOURCE_ROOT;
		};
		01C2636B2B2FF4EF00B4FF8D = {
			fileEncoding = 30;
			isa = PBXFileReference;
			lastKnownFileType = sourcecode.cpp.cpp;
			name = PlatformSDL.cpp;
			path = ../PlatformSDL.cpp;
			refType = 2;
			sourceTree = SOURCE_ROOT;
		};
		01C2636C2B2FF4EF00B4FF8D = {
			fileEncoding = 30;
			isa = PBXFileReference;
			lastKnownFileType = sourcecode.c.h;
			name = PlatformSDL.h;
			path = ../PlatformSDL.h;
			refType = 2;
			sourceTree = SOURCE_ROOT;
		};
		01C2636D2B2FF4EF00B4FF8D = {
			fileEncoding = 30;
			isa = PBXFileReference;
			lastKnownFileType = sourcecode.cpp.cpp;
			name = PT2.3A_replay_cia.cpp;
			path = ../PT2.3A_replay_cia.cpp;
			refType = 2;
			sourceTree = SOURCE_ROOT;
		};
		01C2636E2B2FF4EF00B4FF8D = {
			fileEncoding = 30;
			isa = PBXFileReference;
			lastKnownFileType = sourcecode.c.h;
			name = PT2.3A_replay_cia.h;
			path = ../PT2.3A_replay_cia.h;
			refType = 2;
			sourceTree = SOURCE_ROOT;
		};
		01C2636F2B2FF4EF00B4FF8D = {
			fileRef = 01C263652B2FF4EF00B4FF8D;
			isa = PBXBuildFile;
			settings = {
			};
		};
		01C263702B2FF4EF00B4FF8D = {
			fileRef = 01C263672B2FF4EF00B4FF8D;
			isa = PBXBuildFile;
			settings = {
			};
		};
		01C263712B2FF4EF00B4FF8D = {
			fileRef = 01C263692B2FF4EF00B4FF8D;
			isa = PBXBuildFile;
			settings = {
			};
		};
		01C263722B2FF4EF00B4FF8D = {
			fileRef = 01C2636B2B2FF4EF00B4FF8D;
			isa = PBXBuildFile;
			settings = {
			};
		};
		01C263732B2FF4EF00B4FF8D = {
			fileRef = 01C2636D2B2FF4EF00B4FF8D;
			isa = PBXBuildFile;
			settings = {
			};
		};
//010
//011
//012
//013
//014
//020
//021
//022
//023
//024
		02345980000FD03B11CA0E72 = {
			children = (
				1870340FFE93FCAF11CA0CD7,
			);
			isa = PBXVariantGroup;
			name = main.nib;
			refType = 4;
			sourceTree = "<group>";
		};
//020
//021
//022
//023
//024
//080
//081
//082
//083
//084
		0867D6AAFE840B52C02AAC07 = {
			children = (
				0867D6ABFE840B52C02AAC07,
			);
			isa = PBXVariantGroup;
			name = InfoPlist.strings;
			refType = 4;
			sourceTree = "<group>";
		};
		0867D6ABFE840B52C02AAC07 = {
			fileEncoding = 10;
			isa = PBXFileReference;
			lastKnownFileType = text.plist.strings;
			name = English;
			path = English.lproj/InfoPlist.strings;
			refType = 4;
			sourceTree = "<group>";
		};
//080
//081
//082
//083
//084
//180
//181
//182
//183
//184
		1870340FFE93FCAF11CA0CD7 = {
			isa = PBXFileReference;
			lastKnownFileType = wrapper.nib;
			name = English;
			path = English.lproj/main.nib;
			refType = 4;
			sourceTree = "<group>";
		};
//180
//181
//182
//183
//184
//190
//191
//192
//193
//194
		195DF8CFFE9D517E11CA2CBB = {
			children = (
				8D0C4E970486CD37000505A6,
			);
			isa = PBXGroup;
			name = Products;
			refType = 4;
			sourceTree = "<group>";
		};
//190
//191
//192
//193
//194
//200
//201
//202
//203
//204
		20286C28FDCF999611CA2CEA = {
			buildSettings = {
			};
			buildStyles = (
				4A9504C5FFE6A39111CA0CBA,
				4A9504C6FFE6A39111CA0CBA,
			);
			hasScannedForEncodings = 1;
			isa = PBXProject;
			mainGroup = 20286C29FDCF999611CA2CEA;
			projectDirPath = "";
			targets = (
				8D0C4E890486CD37000505A6,
			);
		};
		20286C29FDCF999611CA2CEA = {
			children = (
				20286C2AFDCF999611CA2CEA,
				20286C2CFDCF999611CA2CEA,
				20286C32FDCF999611CA2CEA,
				195DF8CFFE9D517E11CA2CBB,
			);
			isa = PBXGroup;
			name = petsciixcode2;
			path = "";
			refType = 4;
			sourceTree = "<group>";
		};
		20286C2AFDCF999611CA2CEA = {
			children = (
				01C263652B2FF4EF00B4FF8D,
				01C263662B2FF4EF00B4FF8D,
				01C263672B2FF4EF00B4FF8D,
				01C263682B2FF4EF00B4FF8D,
				01C263692B2FF4EF00B4FF8D,
				01C2636A2B2FF4EF00B4FF8D,
				01C2636B2B2FF4EF00B4FF8D,
				01C2636C2B2FF4EF00B4FF8D,
				01C2636D2B2FF4EF00B4FF8D,
				01C2636E2B2FF4EF00B4FF8D,
				32DBCF6D0370B57F00C91783,
				01C2630C2B2FF4A100B4FF8D,
				01C262F22B2FF47200B4FF8D,
			);
			isa = PBXGroup;
			name = Sources;
			path = "";
			refType = 4;
			sourceTree = "<group>";
		};
		20286C2CFDCF999611CA2CEA = {
			children = (
				8D0C4E960486CD37000505A6,
				0867D6AAFE840B52C02AAC07,
				02345980000FD03B11CA0E72,
			);
			isa = PBXGroup;
			name = Resources;
			path = "";
			refType = 4;
			sourceTree = "<group>";
		};
		20286C32FDCF999611CA2CEA = {
			children = (
				20286C33FDCF999611CA2CEA,
				4A9504CAFFE6A41611CA0CBA,
				4A9504C8FFE6A3BC11CA0CBA,
			);
			isa = PBXGroup;
			name = "External Frameworks and Libraries";
			path = "";
			refType = 4;
			sourceTree = "<group>";
		};
		20286C33FDCF999611CA2CEA = {
			isa = PBXFileReference;
			lastKnownFileType = wrapper.framework;
			name = Carbon.framework;
			path = /System/Library/Frameworks/Carbon.framework;
			refType = 0;
			sourceTree = "<absolute>";
		};
//200
//201
//202
//203
//204
//320
//321
//322
//323
//324
		32DBCF6D0370B57F00C91783 = {
			fileEncoding = 4;
			isa = PBXFileReference;
			lastKnownFileType = sourcecode.c.h;
			path = petsciixcode2_Prefix.pch;
			refType = 4;
			sourceTree = "<group>";
		};
//320
//321
//322
//323
//324
//4A0
//4A1
//4A2
//4A3
//4A4
		4A9504C5FFE6A39111CA0CBA = {
			buildSettings = {
				COPY_PHASE_STRIP = NO;
				GCC_DYNAMIC_NO_PIC = NO;
				GCC_ENABLE_FIX_AND_CONTINUE = YES;
				GCC_GENERATE_DEBUGGING_SYMBOLS = YES;
				GCC_OPTIMIZATION_LEVEL = 0;
				PREBINDING = NO;
				ZERO_LINK = YES;
			};
			isa = PBXBuildStyle;
			name = Development;
		};
		4A9504C6FFE6A39111CA0CBA = {
			buildSettings = {
				COPY_PHASE_STRIP = YES;
				GCC_ENABLE_FIX_AND_CONTINUE = NO;
				GCC_GENERATE_DEBUGGING_SYMBOLS = NO;
				PREBINDING = NO;
				ZERO_LINK = NO;
			};
			isa = PBXBuildStyle;
			name = Deployment;
		};
		4A9504C8FFE6A3BC11CA0CBA = {
			isa = PBXFileReference;
			lastKnownFileType = wrapper.framework;
			name = ApplicationServices.framework;
			path = /System/Library/Frameworks/ApplicationServices.framework;
			refType = 0;
			sourceTree = "<absolute>";
		};
		4A9504CAFFE6A41611CA0CBA = {
			isa = PBXFileReference;
			lastKnownFileType = wrapper.framework;
			name = CoreServices.framework;
			path = /System/Library/Frameworks/CoreServices.framework;
			refType = 0;
			sourceTree = "<absolute>";
		};
//4A0
//4A1
//4A2
//4A3
//4A4
//8D0
//8D1
//8D2
//8D3
//8D4
		8D0C4E890486CD37000505A6 = {
			buildPhases = (
				8D0C4E8C0486CD37000505A6,
				8D0C4E8F0486CD37000505A6,
				8D0C4E910486CD37000505A6,
			);
			buildRules = (
			);
			buildSettings = {
				GCC_GENERATE_DEBUGGING_SYMBOLS = NO;
				GCC_PRECOMPILE_PREFIX_HEADER = YES;
				GCC_PREFIX_HEADER = petsciixcode2_Prefix.pch;
				GCC_WARN_ABOUT_RETURN_TYPE = YES;
				GCC_WARN_UNUSED_VARIABLE = YES;
				INFOPLIST_FILE = Info.plist;
				INSTALL_PATH = "$(HOME)/Applications";
				PREBINDING = NO;
				PRODUCT_NAME = petsciixcode2;
				WRAPPER_EXTENSION = app;
			};
			dependencies = (
			);
			isa = PBXNativeTarget;
			name = petsciixcode2;
			productInstallPath = "$(HOME)/Applications";
			productName = petsciixcode2;
			productReference = 8D0C4E970486CD37000505A6;
			productType = "com.apple.product-type.application";
		};
		8D0C4E8C0486CD37000505A6 = {
			buildActionMask = 2147483647;
			files = (
				8D0C4E8D0486CD37000505A6,
				8D0C4E8E0486CD37000505A6,
			);
			isa = PBXResourcesBuildPhase;
			runOnlyForDeploymentPostprocessing = 0;
		};
		8D0C4E8D0486CD37000505A6 = {
			fileRef = 0867D6AAFE840B52C02AAC07;
			isa = PBXBuildFile;
			settings = {
			};
		};
		8D0C4E8E0486CD37000505A6 = {
			fileRef = 02345980000FD03B11CA0E72;
			isa = PBXBuildFile;
			settings = {
			};
		};
		8D0C4E8F0486CD37000505A6 = {
			buildActionMask = 2147483647;
			files = (
				01C263022B2FF49000B4FF8D,
				01C263032B2FF49000B4FF8D,
				01C263042B2FF49000B4FF8D,
				01C263052B2FF49000B4FF8D,
				01C263062B2FF49000B4FF8D,
				01C263072B2FF49000B4FF8D,
				01C263082B2FF49000B4FF8D,
				01C263092B2FF49000B4FF8D,
				01C2630A2B2FF49000B4FF8D,
				01C2630B2B2FF49000B4FF8D,
				01C263122B2FF4CB00B4FF8D,
				01C2636F2B2FF4EF00B4FF8D,
				01C263702B2FF4EF00B4FF8D,
				01C263712B2FF4EF00B4FF8D,
				01C263722B2FF4EF00B4FF8D,
				01C263732B2FF4EF00B4FF8D,
			);
			isa = PBXSourcesBuildPhase;
			runOnlyForDeploymentPostprocessing = 0;
		};
		8D0C4E910486CD37000505A6 = {
			buildActionMask = 2147483647;
			files = (
				8D0C4E920486CD37000505A6,
			);
			isa = PBXFrameworksBuildPhase;
			runOnlyForDeploymentPostprocessing = 0;
		};
		8D0C4E920486CD37000505A6 = {
			fileRef = 20286C33FDCF999611CA2CEA;
			isa = PBXBuildFile;
			settings = {
			};
		};
		8D0C4E960486CD37000505A6 = {
			fileEncoding = 4;
			isa = PBXFileReference;
			lastKnownFileType = text.plist;
			path = Info.plist;
			refType = 4;
			sourceTree = "<group>";
		};
		8D0C4E970486CD37000505A6 = {
			explicitFileType = wrapper.application;
			includeInIndex = 0;
			isa = PBXFileReference;
			path = petsciixcode2.app;
			refType = 3;
			sourceTree = BUILT_PRODUCTS_DIR;
		};
	};
	rootObject = 20286C28FDCF999611CA2CEA;
}
